{
    "name": "01._First_Server",
    "lockfileVersion": 3,
    "requires": true,
    "packages": {
        "": {
            "dependencies": {
                "meaning-of-life": "1.0.0"
            }
        },
        "node_modules/meaning-of-life": {
            "version": "1.0.0",
            "resolved": "https://registry.npmjs.org/meaning-of-life/-/meaning-of-life-1.0.0.tgz",
            "integrity": "sha512-fVA4xSydqtK9owabGcYw1r4EKEsMOVVeYQLeCXPu77Z+8Y2j2B2I16UqZlKIOHnYkJ4RSvpJ00ywy9IWjmuxYw=="
        }
    }
}
